Microsoft Visual Studio Solution File, Format Version 11.00
# Visual Studio 2008

Project("{B265DB5A-6776-5604-DBA9-689E6D2CE8AB}") = "STEREOTYPED", "Assembly-CSharp-vs.csproj", "{D89591CD-4FE6-9321-343D-B370CEDEF0C7}"
EndProject
Project("{B265DB5A-6776-5604-DBA9-689E6D2CE8AB}") = "STEREOTYPED", "Assembly-CSharp-Editor-vs.csproj", "{92D7F15A-8A02-4B68-2C89-7F4606C5B446}"
EndProject
Global
	GlobalSection(SolutionConfigurationPlatforms) = preSolution
		Debug|Any CPU = Debug|Any CPU
		Release|Any CPU = Release|Any CPU
	EndGlobalSection
	GlobalSection(ProjectConfigurationPlatforms) = postSolution
		{D89591CD-4FE6-9321-343D-B370CEDEF0C7}.Debug|Any CPU.ActiveCfg = Debug|Any CPU
		{D89591CD-4FE6-9321-343D-B370CEDEF0C7}.Debug|Any CPU.Build.0 = Debug|Any CPU
		{D89591CD-4FE6-9321-343D-B370CEDEF0C7}.Release|Any CPU.ActiveCfg = Release|Any CPU
		{D89591CD-4FE6-9321-343D-B370CEDEF0C7}.Release|Any CPU.Build.0 = Release|Any CPU
		{92D7F15A-8A02-4B68-2C89-7F4606C5B446}.Debug|Any CPU.ActiveCfg = Debug|Any CPU
		{92D7F15A-8A02-4B68-2C89-7F4606C5B446}.Debug|Any CPU.Build.0 = Debug|Any CPU
		{92D7F15A-8A02-4B68-2C89-7F4606C5B446}.Release|Any CPU.ActiveCfg = Release|Any CPU
		{92D7F15A-8A02-4B68-2C89-7F4606C5B446}.Release|Any CPU.Build.0 = Release|Any CPU
	EndGlobalSection
	GlobalSection(SolutionProperties) = preSolution
		HideSolutionNode = FALSE
	EndGlobalSection
																																																																																																																																																																																																																																																																											GlobalSection(MonoDevelopProperties) = preSolution
		StartupItem = Assembly-CSharp.csproj
		Policies = $0
		$0.TextStylePolicy = $1
		$1.inheritsSet = null
		$1.scope = text/x-csharp
		$0.CSharpFormattingPolicy = $2
		$2.inheritsSet = Mono
		$2.inheritsScope = text/x-csharp
		$2.scope = text/x-csharp
		$0.TextStylePolicy = $3
		$3.FileWidth = 120
		$3.TabWidth = 4
		$3.IndentWidth = 4
		$3.EolMarker = Unix
		$3.inheritsSet = Mono
		$3.inheritsScope = text/plain
		$3.scope = text/plain
	EndGlobalSection

EndGlobal
